github.com/wowchemy/wowchemy-hugo-themes/modules/wowchemy-plugin-netlify v1.0.0 h1:blRMoXNtlxnqXlVi4eCdPtTfVpJkH9J1f6tEKDXimCY=
github.com/wowchemy/wowchemy-hugo-themes/modules/wowchemy-plugin-netlify v1.0.0/go.mod h1:s40UgLsWfVyCLQ2F4F3dBcNfZOXcPGld7KxsKhZdzvM=
github.com/wowchemy/wowchemy-hugo-themes/modules/wowchemy-plugin-netlify-cms v1.0.0 h1:WCbC3jjXAcFGUWn5W1QUk5tzNq4x4NcyqABI/s0SnWw=
github.com/wowchemy/wowchemy-hugo-themes/modules/wowchemy-plugin-netlify-cms v1.0.0/go.mod h1:X1mETJo6Lkv9tEgfU0UYFRiRInf0RbgW+s1RKXB4GMA=
github.com/wowchemy/wowchemy-hugo-themes/modules/wowchemy/v5 v5.6.0 h1:l7FIPHFJ8KKktS8Nrfk/u47PkDTbg6TNHg4VY3g41Xc=
github.com/wowchemy/wowchemy-hugo-themes/modules/wowchemy/v5 v5.6.0/go.mod h1:EfRfz/zhkliLPRWYdXRatho64juF3EFaJnciCi5YzwA=
